
Microsoft Visual Studio Solution File, Format Version 12.00
# Visual Studio Version 16
VisualStudioVersion = 16.0.32802.440
MinimumVisualStudioVersion = 10.0.40219.1
Project("{FAE04EC0-301F-11D3-BF4B-00C04F79EFBC}") = "SignalRChat1", "SignalRChat1.csproj", "{4556F6AF-2119-4CF5-A972-769F19AC6F1E}"
EndProject
Global
	GlobalSection(SolutionConfigurationPlatforms) = preSolution
		Debug|Any CPU = Debug|Any CPU
		Release|Any CPU = Release|Any CPU
	EndGlobalSection
	GlobalSection(ProjectConfigurationPlatforms) = postSolution
		{4556F6AF-2119-4CF5-A972-769F19AC6F1E}.Debug|Any CPU.ActiveCfg = Debug|Any CPU
		{4556F6AF-2119-4CF5-A972-769F19AC6F1E}.Debug|Any CPU.Build.0 = Debug|Any CPU
		{4556F6AF-2119-4CF5-A972-769F19AC6F1E}.Release|Any CPU.ActiveCfg = Release|Any CPU
		{4556F6AF-2119-4CF5-A972-769F19AC6F1E}.Release|Any CPU.Build.0 = Release|Any CPU
	EndGlobalSection
	GlobalSection(SolutionProperties) = preSolution
		HideSolutionNode = FALSE
	EndGlobalSection
	GlobalSection(ExtensibilityGlobals) = postSolution
		SolutionGuid = {1475B50F-54EE-452C-BE4B-96F4AD2E2FB2}
	EndGlobalSection
EndGlobal
